// !$*UTF8*$!
{
	archiveVersion = 1;
	classes = {
	};
	objectVersion = 46;
	objects = {

/* Begin PBXBuildFile section */
		FA53E3C91E9660CC004D67AB /* Moya.framework in Frameworks */ = {isa = PBXBuildFile; fileRef = FA53E3C81E9660CC004D67AB /* Moya.framework */; };
		FAC4C7E11E954ECF0081BA9C /* AppDelegate.swift in Sources */ = {isa = PBXBuildFile; fileRef = FAC4C7E01E954ECF0081BA9C /* AppDelegate.swift */; };
		FAC4C7E31E954ECF0081BA9C /* ViewController.swift in Sources */ = {isa = PBXBuildFile; fileRef = FAC4C7E21E954ECF0081BA9C /* ViewController.swift */; };
		FAC4C7E61E954ECF0081BA9C /* Main.storyboard in Resources */ = {isa = PBXBuildFile; fileRef = FAC4C7E41E954ECF0081BA9C /* Main.storyboard */; };
		FAC4C7E81E954ECF0081BA9C /* Assets.xcassets in Resources */ = {isa = PBXBuildFile; fileRef = FAC4C7E71E954ECF0081BA9C /* Assets.xcassets */; };
		FAC4C7EB1E954ECF0081BA9C /* LaunchScreen.storyboard in Resources */ = {isa = PBXBuildFile; fileRef = FAC4C7E91E954ECF0081BA9C /* LaunchScreen.storyboard */; };
/* End PBXBuildFile section */

/* Begin PBXFileReference section */
		FA53E3C81E9660CC004D67AB /* Moya.framework */ = {isa = PBXFileReference; lastKnownFileType = wrapper.framework; name = Moya.framework; path = Carthage/Build/iOS/Moya.framework; sourceTree = "<group>"; };
		FAC4C7DD1E954ECF0081BA9C /* MoyaSample.app */ = {isa = PBXFileReference; explicitFileType = wrapper.application; includeInIndex = 0; path = MoyaSample.app; sourceTree = BUILT_PRODUCTS_DIR; };
		FAC4C7E01E954ECF0081BA9C /* AppDelegate.swift */ = {isa = PBXFileReference; lastKnownFileType = sourcecode.swift; path = AppDelegate.swift; sourceTree = "<group>"; };
		FAC4C7E21E954ECF0081BA9C /* ViewController.swift */ = {isa = PBXFileReference; lastKnownFileType = sourcecode.swift; path = ViewController.swift; sourceTree = "<group>"; };
		FAC4C7E51E954ECF0081BA9C /* Base */ = {isa = PBXFileReference; lastKnownFileType = file.storyboard; name = Base; path = Base.lproj/Main.storyboard; sourceTree = "<group>"; };
		FAC4C7E71E954ECF0081BA9C /* Assets.xcassets */ = {isa = PBXFileReference; lastKnownFileType = folder.assetcatalog; path = Assets.xcassets; sourceTree = "<group>"; };
		FAC4C7EA1E954ECF0081BA9C /* Base */ = {isa = PBXFileReference; lastKnownFileType = file.storyboard; name = Base; path = Base.lproj/LaunchScreen.storyboard; sourceTree = "<group>"; };
		FAC4C7EC1E954ECF0081BA9C /* Info.plist */ = {isa = PBXFileReference; lastKnownFileType = text.plist.xml; path = Info.plist; sourceTree = "<group>"; };
/* End PBXFileReference section */

/* Begin PBXFrameworksBuildPhase section */
		FAC4C7DA1E954ECF0081BA9C /* Frameworks */ = {
			isa = PBXFrameworksBuildPhase;
			buildActionMask = 2147483647;
			files = (
				FA53E3C91E9660CC004D67AB /* Moya.framework in Frameworks */,
			);
			runOnlyForDeploymentPostprocessing = 0;
		};
/* End PBXFrameworksBuildPhase section */

/* Begin PBXGroup section */
		FA5E898D1E965F3100723021 /* Frameworks */ = {
			isa = PBXGroup;
			children = (
				FA53E3C81E9660CC004D67AB /* Moya.framework */,
			);
			name = Frameworks;
			sourceTree = "<group>";
		};
		FAC4C7D41E954ECF0081BA9C = {
			isa = PBXGroup;
			children = (
				FAC4C7DF1E954ECF0081BA9C /* MoyaSample */,
				FAC4C7DE1E954ECF0081BA9C /* Products */,
				FA5E898D1E965F3100723021 /* Frameworks */,
			);
			sourceTree = "<group>";
		};
		FAC4C7DE1E954ECF0081BA9C /* Products */ = {
			isa = PBXGroup;
			children = (
				FAC4C7DD1E954ECF0081BA9C /* MoyaSample.app */,
			);
			name = Products;
			sourceTree = "<group>";
		};
		FAC4C7DF1E954ECF0081BA9C /* MoyaSample */ = {
			isa = PBXGroup;
			children = (
				FAC4C7E01E954ECF0081BA9C /* AppDelegate.swift */,
				FAC4C7E21E954ECF0081BA9C /* ViewController.swift */,
				FAC4C7E41E954ECF0081BA9C /* Main.storyboard */,
				FAC4C7E71E954ECF0081BA9C /* Assets.xcassets */,
				FAC4C7E91E954ECF0081BA9C /* LaunchScreen.storyboard */,
				FAC4C7EC1E954ECF0081BA9C /* Info.plist */,
			);
			path = MoyaSample;
			sourceTree = "<group>";
		};
/* End PBXGroup section */

/* Begin PBXNativeTarget section */
		FAC4C7DC1E954ECF0081BA9C /* MoyaSample */ = {
			isa = PBXNativeTarget;
			buildConfigurationList = FAC4C7EF1E954ECF0081BA9C /* Build configuration list for PBXNativeTarget "MoyaSample" */;
			buildPhases = (
				FAC4C7D91E954ECF0081BA9C /* Sources */,
				FAC4C7DA1E954ECF0081BA9C /* Frameworks */,
				FAC4C7DB1E954ECF0081BA9C /* Resources */,
				FA5E89901E965F3B00723021 /* Carthage copy frameworks */,
			);
			buildRules = (
			);
			dependencies = (
			);
			name = MoyaSample;
			productName = MoyaSample;
			productReference = FAC4C7DD1E954ECF0081BA9C /* MoyaSample.app */;
			productType = "com.apple.product-type.application";
		};
/* End PBXNativeTarget section */

/* Begin PBXProject section */
		FAC4C7D51E954ECF0081BA9C /* Project object */ = {
			isa = PBXProject;
			attributes = {
				LastSwiftUpdateCheck = 0830;
				LastUpgradeCheck = 0830;
				ORGANIZATIONNAME = "Sota Hatakeyama";
				TargetAttributes = {
					FAC4C7DC1E954ECF0081BA9C = {
						CreatedOnToolsVersion = 8.3;
						DevelopmentTeam = H6T775QPW5;
						ProvisioningStyle = Automatic;
					};
				};
			};
			buildConfigurationList = FAC4C7D81E954ECF0081BA9C /* Build configuration list for PBXProject "MoyaSample" */;
			compatibilityVersion = "Xcode 3.2";
			developmentRegion = English;
			hasScannedForEncodings = 0;
			knownRegions = (
				en,
				Base,
			);
			mainGroup = FAC4C7D41E954ECF0081BA9C;
			productRefGroup = FAC4C7DE1E954ECF0081BA9C /* Products */;
			projectDirPath = "";
			projectRoot = "";
			targets = (
				FAC4C7DC1E954ECF0081BA9C /* MoyaSample */,
			);
		};
/* End PBXProject section */

/* Begin PBXResourcesBuildPhase section */
		FAC4C7DB1E954ECF0081BA9C /* Resources */ = {
			isa = PBXResourcesBuildPhase;
			buildActionMask = 2147483647;
			files = (
				FAC4C7EB1E954ECF0081BA9C /* LaunchScreen.storyboard in Resources */,
				FAC4C7E81E954ECF0081BA9C /* Assets.xcassets in Resources */,
				FAC4C7E61E954ECF0081BA9C /* Main.storyboard in Resources */,
			);
			runOnlyForDeploymentPostprocessing = 0;
		};
/* End PBXResourcesBuildPhase section */

/* Begin PBXShellScriptBuildPhase section */
		FA5E89901E965F3B00723021 /* Carthage copy frameworks */ = {
			isa = PBXShellScriptBuildPhase;
			buildActionMask = 2147483647;
			files = (
			);
			inputPaths = (
				"$(SRCROOT)/Carthage/Build/iOS/Moya.framework",
			);
			name = "Carthage copy frameworks";
			outputPaths = (
			);
			runOnlyForDeploymentPostprocessing = 0;
			shellPath = /bin/sh;
			shellScript = "/usr/local/bin/carthage copy-frameworks";
		};
/* End PBXShellScriptBuildPhase section */

/* Begin PBXSourcesBuildPhase section */
		FAC4C7D91E954ECF0081BA9C /* Sources */ = {
			isa = PBXSourcesBuildPhase;
			buildActionMask = 2147483647;
			files = (
				FAC4C7E31E954ECF0081BA9C /* ViewController.swift in Sources */,
				FAC4C7E11E954ECF0081BA9C /* AppDelegate.swift in Sources */,
			);
			runOnlyForDeploymentPostprocessing = 0;
		};
/* End PBXSourcesBuildPhase section */

/* Begin PBXVariantGroup section */
		FAC4C7E41E954ECF0081BA9C /* Main.storyboard */ = {
			isa = PBXVariantGroup;
			children = (
				FAC4C7E51E954ECF0081BA9C /* Base */,
			);
			name = Main.storyboard;
			sourceTree = "<group>";
		};
		FAC4C7E91E954ECF0081BA9C /* LaunchScreen.storyboard */ = {
			isa = PBXVariantGroup;
			children = (
				FAC4C7EA1E954ECF0081BA9C /* Base */,
			);
			name = LaunchScreen.storyboard;
			sourceTree = "<group>";
		};
/* End PBXVariantGroup section */

/* Begin XCBuildConfiguration section */
		FAC4C7ED1E954ECF0081BA9C /* Debug */ = {
			isa = XCBuildConfiguration;
			buildSettings = {
				ALWAYS_SEARCH_USER_PATHS = NO;
				CLANG_ANALYZER_NONNULL = YES;
				CLANG_ANALYZER_NUMBER_OBJECT_CONVERSION = YES_AGGRESSIVE;
				CLANG_CXX_LANGUAGE_STANDARD = "gnu++0x";
				CLANG_CXX_LIBRARY = "libc++";
				CLANG_ENABLE_MODULES = YES;
				CLANG_ENABLE_OBJC_ARC = YES;
				CLANG_WARN_BOOL_CONVERSION = YES;
				CLANG_WARN_CONSTANT_CONVERSION = YES;
				CLANG_WARN_DIRECT_OBJC_ISA_USAGE = YES_ERROR;
				CLANG_WARN_DOCUMENTATION_COMMENTS = YES;
				CLANG_WARN_EMPTY_BODY = YES;
				CLANG_WARN_ENUM_CONVERSION = YES;
				CLANG_WARN_INFINITE_RECURSION = YES;
				CLANG_WARN_INT_CONVERSION = YES;
				CLANG_WARN_OBJC_ROOT_CLASS = YES_ERROR;
				CLANG_WARN_SUSPICIOUS_MOVE = YES;
				CLANG_WARN_UNREACHABLE_CODE = YES;
				CLANG_WARN__DUPLICATE_METHOD_MATCH = YES;
				"CODE_SIGN_IDENTITY[sdk=iphoneos*]" = "iPhone Developer";
				COPY_PHASE_STRIP = NO;
				DEBUG_INFORMATION_FORMAT = dwarf;
				ENABLE_STRICT_OBJC_MSGSEND = YES;
				ENABLE_TESTABILITY = YES;
				GCC_C_LANGUAGE_STANDARD = gnu99;
				GCC_DYNAMIC_NO_PIC = NO;
				GCC_NO_COMMON_BLOCKS = YES;
				GCC_OPTIMIZATION_LEVEL = 0;
				GCC_PREPROCESSOR_DEFINITIONS = (
					"DEBUG=1",
					"$(inherited)",
				);
				GCC_WARN_64_TO_32_BIT_CONVERSION = YES;
				GCC_WARN_ABOUT_RETURN_TYPE = YES_ERROR;
				GCC_WARN_UNDECLARED_SELECTOR = YES;
				GCC_WARN_UNINITIALIZED_AUTOS = YES_AGGRESSIVE;
				GCC_WARN_UNUSED_FUNCTION = YES;
				GCC_WARN_UNUSED_VARIABLE = YES;
				IPHONEOS_DEPLOYMENT_TARGET = 10.0;
				MTL_ENABLE_DEBUG_INFO = YES;
				ONLY_ACTIVE_ARCH = YES;
				SDKROOT = iphoneos;
				SWIFT_ACTIVE_COMPILATION_CONDITIONS = DEBUG;
				SWIFT_OPTIMIZATION_LEVEL = "-Onone";
			};
			name = Debug;
		};
		FAC4C7EE1E954ECF0081BA9C /* Release */ = {
			isa = XCBuildConfiguration;
			buildSettings = {
				ALWAYS_SEARCH_USER_PATHS = NO;
				CLANG_ANALYZER_NONNULL = YES;
				CLANG_ANALYZER_NUMBER_OBJECT_CONVERSION = YES_AGGRESSIVE;
				CLANG_CXX_LANGUAGE_STANDARD = "gnu++0x";
				CLANG_CXX_LIBRARY = "libc++";
				CLANG_ENABLE_MODULES = YES;
				CLANG_ENABLE_OBJC_ARC = YES;
				CLANG_WARN_BOOL_CONVERSION = YES;
				CLANG_WARN_CONSTANT_CONVERSION = YES;
				CLANG_WARN_DIRECT_OBJC_ISA_USAGE = YES_ERROR;
				CLANG_WARN_DOCUMENTATION_COMMENTS = YES;
				CLANG_WARN_EMPTY_BODY = YES;
				CLANG_WARN_ENUM_CONVERSION = YES;
				CLANG_WARN_INFINITE_RECURSION = YES;
				CLANG_WARN_INT_CONVERSION = YES;
				CLANG_WARN_OBJC_ROOT_CLASS = YES_ERROR;
				CLANG_WARN_SUSPICIOUS_MOVE = YES;
				CLANG_WARN_UNREACHABLE_CODE = YES;
				CLANG_WARN__DUPLICATE_METHOD_MATCH = YES;
				"CODE_SIGN_IDENTITY[sdk=iphoneos*]" = "iPhone Developer";
				COPY_PHASE_STRIP = NO;
				DEBUG_INFORMATION_FORMAT = "dwarf-with-dsym";
				ENABLE_NS_ASSERTIONS = NO;
				ENABLE_STRICT_OBJC_MSGSEND = YES;
				GCC_C_LANGUAGE_STANDARD = gnu99;
				GCC_NO_COMMON_BLOCKS = YES;
				GCC_WARN_64_TO_32_BIT_CONVERSION = YES;
				GCC_WARN_ABOUT_RETURN_TYPE = YES_ERROR;
				GCC_WARN_UNDECLARED_SELECTOR = YES;
				GCC_WARN_UNINITIALIZED_AUTOS = YES_AGGRESSIVE;
				GCC_WARN_UNUSED_FUNCTION = YES;
				GCC_WARN_UNUSED_VARIABLE = YES;
				IPHONEOS_DEPLOYMENT_TARGET = 10.0;
				MTL_ENABLE_DEBUG_INFO = NO;
				SDKROOT = iphoneos;
				SWIFT_OPTIMIZATION_LEVEL = "-Owholemodule";
				VALIDATE_PRODUCT = YES;
			};
			name = Release;
		};
		FAC4C7F01E954ECF0081BA9C /* Debug */ = {
			isa = XCBuildConfiguration;
			buildSettings = {
				ASSETCATALOG_COMPILER_APPICON_NAME = AppIcon;
				DEVELOPMENT_TEAM = H6T775QPW5;
				FRAMEWORK_SEARCH_PATHS = (
					"$(inherited)",
					"$(PROJECT_DIR)/Carthage/Build/iOS",
				);
				INFOPLIST_FILE = MoyaSample/Info.plist;
				LD_RUNPATH_SEARCH_PATHS = "$(inherited) @executable_path/Frameworks";
				PRODUCT_BUNDLE_IDENTIFIER = com.sotahatakeyama.MoyaSample;
				PRODUCT_NAME = "$(TARGET_NAME)";
				SWIFT_VERSION = 3.0;
			};
			name = Debug;
		};
		FAC4C7F11E954ECF0081BA9C /* Release */ = {
			isa = XCBuildConfiguration;
			buildSettings = {
				ASSETCATALOG_COMPILER_APPICON_NAME = AppIcon;
				DEVELOPMENT_TEAM = H6T775QPW5;
				FRAMEWORK_SEARCH_PATHS = (
					"$(inherited)",
					"$(PROJECT_DIR)/Carthage/Build/iOS",
				);
				INFOPLIST_FILE = MoyaSample/Info.plist;
				LD_RUNPATH_SEARCH_PATHS = "$(inherited) @executable_path/Frameworks";
				PRODUCT_BUNDLE_IDENTIFIER = com.sotahatakeyama.MoyaSample;
				PRODUCT_NAME = "$(TARGET_NAME)";
				SWIFT_VERSION = 3.0;
			};
			name = Release;
		};
/* End XCBuildConfiguration section */

/* Begin XCConfigurationList section */
		FAC4C7D81E954ECF0081BA9C /* Build configuration list for PBXProject "MoyaSample" */ = {
			isa = XCConfigurationList;
			buildConfigurations = (
				FAC4C7ED1E954ECF0081BA9C /* Debug */,
				FAC4C7EE1E954ECF0081BA9C /* Release */,
			);
			defaultConfigurationIsVisible = 0;
			defaultConfigurationName = Release;
		};
		FAC4C7EF1E954ECF0081BA9C /* Build configuration list for PBXNativeTarget "MoyaSample" */ = {
			isa = XCConfigurationList;
			buildConfigurations = (
				FAC4C7F01E954ECF0081BA9C /* Debug */,
				FAC4C7F11E954ECF0081BA9C /* Release */,
			);
			defaultConfigurationIsVisible = 0;
			defaultConfigurationName = Release;
		};
/* End XCConfigurationList section */
	};
	rootObject = FAC4C7D51E954ECF0081BA9C /* Project object */;
}
