// !$*UTF8*$!
{
	archiveVersion = 1;
	classes = {
	};
	objectVersion = 46;
	objects = {

/* Begin PBXBuildFile section */
		FA02B5941CD310870062003E /* TabBar.storyboard in Resources */ = {isa = PBXBuildFile; fileRef = FA02B5931CD310870062003E /* TabBar.storyboard */; };
		FA02B5961CD310AA0062003E /* TabBarViewController.swift in Sources */ = {isa = PBXBuildFile; fileRef = FA02B5951CD310AA0062003E /* TabBarViewController.swift */; };
		FA02B5991CD316150062003E /* UIColor.swift in Sources */ = {isa = PBXBuildFile; fileRef = FA02B5981CD316150062003E /* UIColor.swift */; };
		FA0BF5EF1C815DE200A06ED6 /* RxSwift.framework in Frameworks */ = {isa = PBXBuildFile; fileRef = FA0BF5E91C81591500A06ED6 /* RxSwift.framework */; };
		FA0BF5F01C815DEF00A06ED6 /* RxCocoa.framework in Frameworks */ = {isa = PBXBuildFile; fileRef = FA0BF5E71C81590700A06ED6 /* RxCocoa.framework */; };
		FA0E1AE21C75650000CD7ADF /* Notification.storyboard in Resources */ = {isa = PBXBuildFile; fileRef = FA0E1AE11C75650000CD7ADF /* Notification.storyboard */; };
		FA0E1AE41C75652100CD7ADF /* NotificationViewController.swift in Sources */ = {isa = PBXBuildFile; fileRef = FA0E1AE31C75652100CD7ADF /* NotificationViewController.swift */; };
		FA3361351CD8F94200B97B59 /* ChatUI.storyboard in Resources */ = {isa = PBXBuildFile; fileRef = FA3361341CD8F94200B97B59 /* ChatUI.storyboard */; };
		FA3361371CD8F95500B97B59 /* ChatUIViewController.swift in Sources */ = {isa = PBXBuildFile; fileRef = FA3361361CD8F95500B97B59 /* ChatUIViewController.swift */; };
		FA3361391CD9A0F100B97B59 /* ChatMessageCell.swift in Sources */ = {isa = PBXBuildFile; fileRef = FA3361381CD9A0F100B97B59 /* ChatMessageCell.swift */; };
		FA8409971CE1787E00D33FFC /* Pager2.storyboard in Resources */ = {isa = PBXBuildFile; fileRef = FA8409961CE1787E00D33FFC /* Pager2.storyboard */; };
		FA8409991CE178AA00D33FFC /* Pager2ViewController.swift in Sources */ = {isa = PBXBuildFile; fileRef = FA8409981CE178AA00D33FFC /* Pager2ViewController.swift */; };
		FA84099C1CE1798200D33FFC /* MenuView.swift in Sources */ = {isa = PBXBuildFile; fileRef = FA84099B1CE1798200D33FFC /* MenuView.swift */; };
		FA84099E1CE179B100D33FFC /* PageMenuViewController.swift in Sources */ = {isa = PBXBuildFile; fileRef = FA84099D1CE179B100D33FFC /* PageMenuViewController.swift */; };
		FA8409A01CE179CA00D33FFC /* DataViewController.swift in Sources */ = {isa = PBXBuildFile; fileRef = FA84099F1CE179CA00D33FFC /* DataViewController.swift */; };
		FA8409A21CE179EC00D33FFC /* PageMenu.storyboard in Resources */ = {isa = PBXBuildFile; fileRef = FA8409A11CE179EC00D33FFC /* PageMenu.storyboard */; };
		FA8409A81CE1E11000D33FFC /* WithWebView.storyboard in Resources */ = {isa = PBXBuildFile; fileRef = FA8409A71CE1E11000D33FFC /* WithWebView.storyboard */; };
		FA8409AA1CE1E12200D33FFC /* WithWebViewViewController.swift in Sources */ = {isa = PBXBuildFile; fileRef = FA8409A91CE1E12200D33FFC /* WithWebViewViewController.swift */; };
		FAB166571CBF23FC0040CE71 /* TransitionViewController.swift in Sources */ = {isa = PBXBuildFile; fileRef = FAB166561CBF23FC0040CE71 /* TransitionViewController.swift */; };
		FAB166591CBF24040040CE71 /* Transition.storyboard in Resources */ = {isa = PBXBuildFile; fileRef = FAB166581CBF24040040CE71 /* Transition.storyboard */; };
		FAB21E0B1CC901EC0081A2DF /* Collection.storyboard in Resources */ = {isa = PBXBuildFile; fileRef = FAB21E0A1CC901EC0081A2DF /* Collection.storyboard */; };
		FAB21E0D1CC902110081A2DF /* CollectionViewController.swift in Sources */ = {isa = PBXBuildFile; fileRef = FAB21E0C1CC902110081A2DF /* CollectionViewController.swift */; };
		FAB21E0F1CC902880081A2DF /* CollectionViewCell.swift in Sources */ = {isa = PBXBuildFile; fileRef = FAB21E0E1CC902880081A2DF /* CollectionViewCell.swift */; };
		FABB078F1C746945008CAB48 /* AppDelegate.swift in Sources */ = {isa = PBXBuildFile; fileRef = FABB078E1C746945008CAB48 /* AppDelegate.swift */; };
		FABB07911C746945008CAB48 /* MasterViewController.swift in Sources */ = {isa = PBXBuildFile; fileRef = FABB07901C746945008CAB48 /* MasterViewController.swift */; };
		FABB07961C746945008CAB48 /* Main.storyboard in Resources */ = {isa = PBXBuildFile; fileRef = FABB07941C746945008CAB48 /* Main.storyboard */; };
		FABB07981C746945008CAB48 /* Assets.xcassets in Resources */ = {isa = PBXBuildFile; fileRef = FABB07971C746945008CAB48 /* Assets.xcassets */; };
		FABB079B1C746945008CAB48 /* LaunchScreen.storyboard in Resources */ = {isa = PBXBuildFile; fileRef = FABB07991C746945008CAB48 /* LaunchScreen.storyboard */; };
		FABB07A61C746945008CAB48 /* iOSLearningTests.swift in Sources */ = {isa = PBXBuildFile; fileRef = FABB07A51C746945008CAB48 /* iOSLearningTests.swift */; };
		FABB07B11C746C68008CAB48 /* Example.swift in Sources */ = {isa = PBXBuildFile; fileRef = FABB07B01C746C68008CAB48 /* Example.swift */; };
		FABB07B31C747053008CAB48 /* Alert.storyboard in Resources */ = {isa = PBXBuildFile; fileRef = FABB07B21C747053008CAB48 /* Alert.storyboard */; };
		FABB07B51C74708C008CAB48 /* AlertViewController.swift in Sources */ = {isa = PBXBuildFile; fileRef = FABB07B41C74708C008CAB48 /* AlertViewController.swift */; };
		FABBBE8B1CED62D100DE5A41 /* InfinityScrollViewController.swift in Sources */ = {isa = PBXBuildFile; fileRef = FABBBE8A1CED62D100DE5A41 /* InfinityScrollViewController.swift */; };
		FABBBE8E1CED62F600DE5A41 /* InfinityScrollTableViewCell.swift in Sources */ = {isa = PBXBuildFile; fileRef = FABBBE8C1CED62F600DE5A41 /* InfinityScrollTableViewCell.swift */; };
		FABBBE8F1CED62F600DE5A41 /* InfinityScrollTableViewCell.xib in Resources */ = {isa = PBXBuildFile; fileRef = FABBBE8D1CED62F600DE5A41 /* InfinityScrollTableViewCell.xib */; };
		FABBBE911CED637300DE5A41 /* TableView+Extensioins.swift in Sources */ = {isa = PBXBuildFile; fileRef = FABBBE901CED637300DE5A41 /* TableView+Extensioins.swift */; };
		FABBBE941CED7E3200DE5A41 /* LoadingTableViewCell.swift in Sources */ = {isa = PBXBuildFile; fileRef = FABBBE921CED7E3200DE5A41 /* LoadingTableViewCell.swift */; };
		FABBBE951CED7E3200DE5A41 /* LoadingTableViewCell.xib in Resources */ = {isa = PBXBuildFile; fileRef = FABBBE931CED7E3200DE5A41 /* LoadingTableViewCell.xib */; };
		FABBBE971CED7EFA00DE5A41 /* InfinityScroll.storyboard in Resources */ = {isa = PBXBuildFile; fileRef = FABBBE961CED7EFA00DE5A41 /* InfinityScroll.storyboard */; };
		FAC1DA781CD6001B00D6A6C1 /* ParallaxImageViewController.swift in Sources */ = {isa = PBXBuildFile; fileRef = FAC1DA771CD6001B00D6A6C1 /* ParallaxImageViewController.swift */; };
		FAC1DA7A1CD6004700D6A6C1 /* ParallaxImage.storyboard in Resources */ = {isa = PBXBuildFile; fileRef = FAC1DA791CD6004700D6A6C1 /* ParallaxImage.storyboard */; };
		FAC8739E1CD075A800DB3BE2 /* TabMenuView.swift in Sources */ = {isa = PBXBuildFile; fileRef = FAC8739D1CD075A800DB3BE2 /* TabMenuView.swift */; };
		FAC873A01CD078BB00DB3BE2 /* TabMenuView.xib in Resources */ = {isa = PBXBuildFile; fileRef = FAC8739F1CD078BB00DB3BE2 /* TabMenuView.xib */; };
		FAC873A21CD07D3400DB3BE2 /* TabMenuCollectionViewCell.xib in Resources */ = {isa = PBXBuildFile; fileRef = FAC873A11CD07D3400DB3BE2 /* TabMenuCollectionViewCell.xib */; };
		FAC873A41CD07D5B00DB3BE2 /* TabMenuCollectionViewCell.swift in Sources */ = {isa = PBXBuildFile; fileRef = FAC873A31CD07D5B00DB3BE2 /* TabMenuCollectionViewCell.swift */; };
		FAC873A61CD0808A00DB3BE2 /* TabMenuItemOption.swift in Sources */ = {isa = PBXBuildFile; fileRef = FAC873A51CD0808A00DB3BE2 /* TabMenuItemOption.swift */; };
		FAC873A81CD0AB4500DB3BE2 /* TabPagerViewController.swift in Sources */ = {isa = PBXBuildFile; fileRef = FAC873A71CD0AB4500DB3BE2 /* TabPagerViewController.swift */; };
		FAC873AA1CD0ABDE00DB3BE2 /* TabPager.storyboard in Resources */ = {isa = PBXBuildFile; fileRef = FAC873A91CD0ABDE00DB3BE2 /* TabPager.storyboard */; };
		FAC873AC1CD18FBE00DB3BE2 /* PagerWithScrollView.storyboard in Resources */ = {isa = PBXBuildFile; fileRef = FAC873AB1CD18FBE00DB3BE2 /* PagerWithScrollView.storyboard */; };
		FAC873AE1CD18FE800DB3BE2 /* PagerWithScrollViewViewController.swift in Sources */ = {isa = PBXBuildFile; fileRef = FAC873AD1CD18FE800DB3BE2 /* PagerWithScrollViewViewController.swift */; };
		FAC8C55D1CBE915D001DE947 /* Pager.storyboard in Resources */ = {isa = PBXBuildFile; fileRef = FAC8C55B1CBE915D001DE947 /* Pager.storyboard */; };
		FAC8C55E1CBE915D001DE947 /* PagerViewController.swift in Sources */ = {isa = PBXBuildFile; fileRef = FAC8C55C1CBE915D001DE947 /* PagerViewController.swift */; };
/* End PBXBuildFile section */

/* Begin PBXContainerItemProxy section */
		FABB07A21C746945008CAB48 /* PBXContainerItemProxy */ = {
			isa = PBXContainerItemProxy;
			containerPortal = FABB07831C746945008CAB48 /* Project object */;
			proxyType = 1;
			remoteGlobalIDString = FABB078A1C746945008CAB48;
			remoteInfo = iOSLearning;
		};
/* End PBXContainerItemProxy section */

/* Begin PBXFileReference section */
		FA02B5931CD310870062003E /* TabBar.storyboard */ = {isa = PBXFileReference; fileEncoding = 4; lastKnownFileType = file.storyboard; path = TabBar.storyboard; sourceTree = "<group>"; };
		FA02B5951CD310AA0062003E /* TabBarViewController.swift */ = {isa = PBXFileReference; fileEncoding = 4; lastKnownFileType = sourcecode.swift; path = TabBarViewController.swift; sourceTree = "<group>"; };
		FA02B5981CD316150062003E /* UIColor.swift */ = {isa = PBXFileReference; fileEncoding = 4; lastKnownFileType = sourcecode.swift; path = UIColor.swift; sourceTree = "<group>"; };
		FA0BF5E71C81590700A06ED6 /* RxCocoa.framework */ = {isa = PBXFileReference; lastKnownFileType = wrapper.framework; name = RxCocoa.framework; path = Carthage/Build/iOS/RxCocoa.framework; sourceTree = "<group>"; };
		FA0BF5E91C81591500A06ED6 /* RxSwift.framework */ = {isa = PBXFileReference; lastKnownFileType = wrapper.framework; name = RxSwift.framework; path = Carthage/Build/iOS/RxSwift.framework; sourceTree = "<group>"; };
		FA0E1AE11C75650000CD7ADF /* Notification.storyboard */ = {isa = PBXFileReference; fileEncoding = 4; lastKnownFileType = file.storyboard; path = Notification.storyboard; sourceTree = "<group>"; };
		FA0E1AE31C75652100CD7ADF /* NotificationViewController.swift */ = {isa = PBXFileReference; fileEncoding = 4; lastKnownFileType = sourcecode.swift; path = NotificationViewController.swift; sourceTree = "<group>"; };
		FA3361341CD8F94200B97B59 /* ChatUI.storyboard */ = {isa = PBXFileReference; fileEncoding = 4; lastKnownFileType = file.storyboard; path = ChatUI.storyboard; sourceTree = "<group>"; };
		FA3361361CD8F95500B97B59 /* ChatUIViewController.swift */ = {isa = PBXFileReference; fileEncoding = 4; lastKnownFileType = sourcecode.swift; path = ChatUIViewController.swift; sourceTree = "<group>"; };
		FA3361381CD9A0F100B97B59 /* ChatMessageCell.swift */ = {isa = PBXFileReference; fileEncoding = 4; lastKnownFileType = sourcecode.swift; path = ChatMessageCell.swift; sourceTree = "<group>"; };
		FA8409961CE1787E00D33FFC /* Pager2.storyboard */ = {isa = PBXFileReference; fileEncoding = 4; lastKnownFileType = file.storyboard; path = Pager2.storyboard; sourceTree = "<group>"; };
		FA8409981CE178AA00D33FFC /* Pager2ViewController.swift */ = {isa = PBXFileReference; fileEncoding = 4; lastKnownFileType = sourcecode.swift; path = Pager2ViewController.swift; sourceTree = "<group>"; };
		FA84099B1CE1798200D33FFC /* MenuView.swift */ = {isa = PBXFileReference; fileEncoding = 4; lastKnownFileType = sourcecode.swift; path = MenuView.swift; sourceTree = "<group>"; };
		FA84099D1CE179B100D33FFC /* PageMenuViewController.swift */ = {isa = PBXFileReference; fileEncoding = 4; lastKnownFileType = sourcecode.swift; path = PageMenuViewController.swift; sourceTree = "<group>"; };
		FA84099F1CE179CA00D33FFC /* DataViewController.swift */ = {isa = PBXFileReference; fileEncoding = 4; lastKnownFileType = sourcecode.swift; path = DataViewController.swift; sourceTree = "<group>"; };
		FA8409A11CE179EC00D33FFC /* PageMenu.storyboard */ = {isa = PBXFileReference; fileEncoding = 4; lastKnownFileType = file.storyboard; path = PageMenu.storyboard; sourceTree = "<group>"; };
		FA8409A71CE1E11000D33FFC /* WithWebView.storyboard */ = {isa = PBXFileReference; fileEncoding = 4; lastKnownFileType = file.storyboard; path = WithWebView.storyboard; sourceTree = "<group>"; };
		FA8409A91CE1E12200D33FFC /* WithWebViewViewController.swift */ = {isa = PBXFileReference; fileEncoding = 4; lastKnownFileType = sourcecode.swift; path = WithWebViewViewController.swift; sourceTree = "<group>"; };
		FAB166561CBF23FC0040CE71 /* TransitionViewController.swift */ = {isa = PBXFileReference; fileEncoding = 4; lastKnownFileType = sourcecode.swift; path = TransitionViewController.swift; sourceTree = "<group>"; };
		FAB166581CBF24040040CE71 /* Transition.storyboard */ = {isa = PBXFileReference; fileEncoding = 4; lastKnownFileType = file.storyboard; path = Transition.storyboard; sourceTree = "<group>"; };
		FAB21E0A1CC901EC0081A2DF /* Collection.storyboard */ = {isa = PBXFileReference; fileEncoding = 4; lastKnownFileType = file.storyboard; path = Collection.storyboard; sourceTree = "<group>"; };
		FAB21E0C1CC902110081A2DF /* CollectionViewController.swift */ = {isa = PBXFileReference; fileEncoding = 4; lastKnownFileType = sourcecode.swift; path = CollectionViewController.swift; sourceTree = "<group>"; };
		FAB21E0E1CC902880081A2DF /* CollectionViewCell.swift */ = {isa = PBXFileReference; fileEncoding = 4; lastKnownFileType = sourcecode.swift; path = CollectionViewCell.swift; sourceTree = "<group>"; };
		FABB078B1C746945008CAB48 /* iOSLearning.app */ = {isa = PBXFileReference; explicitFileType = wrapper.application; includeInIndex = 0; path = iOSLearning.app; sourceTree = BUILT_PRODUCTS_DIR; };
		FABB078E1C746945008CAB48 /* AppDelegate.swift */ = {isa = PBXFileReference; lastKnownFileType = sourcecode.swift; path = AppDelegate.swift; sourceTree = "<group>"; };
		FABB07901C746945008CAB48 /* MasterViewController.swift */ = {isa = PBXFileReference; lastKnownFileType = sourcecode.swift; path = MasterViewController.swift; sourceTree = "<group>"; };
		FABB07951C746945008CAB48 /* Base */ = {isa = PBXFileReference; lastKnownFileType = file.storyboard; name = Base; path = Base.lproj/Main.storyboard; sourceTree = "<group>"; };
		FABB07971C746945008CAB48 /* Assets.xcassets */ = {isa = PBXFileReference; lastKnownFileType = folder.assetcatalog; path = Assets.xcassets; sourceTree = "<group>"; };
		FABB079A1C746945008CAB48 /* Base */ = {isa = PBXFileReference; lastKnownFileType = file.storyboard; name = Base; path = Base.lproj/LaunchScreen.storyboard; sourceTree = "<group>"; };
		FABB079C1C746945008CAB48 /* Info.plist */ = {isa = PBXFileReference; lastKnownFileType = text.plist.xml; path = Info.plist; sourceTree = "<group>"; };
		FABB07A11C746945008CAB48 /* iOSLearningTests.xctest */ = {isa = PBXFileReference; explicitFileType = wrapper.cfbundle; includeInIndex = 0; path = iOSLearningTests.xctest; sourceTree = BUILT_PRODUCTS_DIR; };
		FABB07A51C746945008CAB48 /* iOSLearningTests.swift */ = {isa = PBXFileReference; lastKnownFileType = sourcecode.swift; path = iOSLearningTests.swift; sourceTree = "<group>"; };
		FABB07A71C746945008CAB48 /* Info.plist */ = {isa = PBXFileReference; lastKnownFileType = text.plist.xml; path = Info.plist; sourceTree = "<group>"; };
		FABB07B01C746C68008CAB48 /* Example.swift */ = {isa = PBXFileReference; fileEncoding = 4; lastKnownFileType = sourcecode.swift; path = Example.swift; sourceTree = "<group>"; };
		FABB07B21C747053008CAB48 /* Alert.storyboard */ = {isa = PBXFileReference; fileEncoding = 4; lastKnownFileType = file.storyboard; path = Alert.storyboard; sourceTree = "<group>"; };
		FABB07B41C74708C008CAB48 /* AlertViewController.swift */ = {isa = PBXFileReference; fileEncoding = 4; lastKnownFileType = sourcecode.swift; path = AlertViewController.swift; sourceTree = "<group>"; };
		FABBBE8A1CED62D100DE5A41 /* InfinityScrollViewController.swift */ = {isa = PBXFileReference; fileEncoding = 4; lastKnownFileType = sourcecode.swift; path = InfinityScrollViewController.swift; sourceTree = "<group>"; };
		FABBBE8C1CED62F600DE5A41 /* InfinityScrollTableViewCell.swift */ = {isa = PBXFileReference; fileEncoding = 4; lastKnownFileType = sourcecode.swift; path = InfinityScrollTableViewCell.swift; sourceTree = "<group>"; };
		FABBBE8D1CED62F600DE5A41 /* InfinityScrollTableViewCell.xib */ = {isa = PBXFileReference; fileEncoding = 4; lastKnownFileType = file.xib; path = InfinityScrollTableViewCell.xib; sourceTree = "<group>"; };
		FABBBE901CED637300DE5A41 /* TableView+Extensioins.swift */ = {isa = PBXFileReference; fileEncoding = 4; lastKnownFileType = sourcecode.swift; path = "TableView+Extensioins.swift"; sourceTree = "<group>"; };
		FABBBE921CED7E3200DE5A41 /* LoadingTableViewCell.swift */ = {isa = PBXFileReference; fileEncoding = 4; lastKnownFileType = sourcecode.swift; path = LoadingTableViewCell.swift; sourceTree = "<group>"; };
		FABBBE931CED7E3200DE5A41 /* LoadingTableViewCell.xib */ = {isa = PBXFileReference; fileEncoding = 4; lastKnownFileType = file.xib; path = LoadingTableViewCell.xib; sourceTree = "<group>"; };
		FABBBE961CED7EFA00DE5A41 /* InfinityScroll.storyboard */ = {isa = PBXFileReference; fileEncoding = 4; lastKnownFileType = file.storyboard; path = InfinityScroll.storyboard; sourceTree = "<group>"; };
		FAC1DA771CD6001B00D6A6C1 /* ParallaxImageViewController.swift */ = {isa = PBXFileReference; fileEncoding = 4; lastKnownFileType = sourcecode.swift; path = ParallaxImageViewController.swift; sourceTree = "<group>"; };
		FAC1DA791CD6004700D6A6C1 /* ParallaxImage.storyboard */ = {isa = PBXFileReference; fileEncoding = 4; lastKnownFileType = file.storyboard; path = ParallaxImage.storyboard; sourceTree = "<group>"; };
		FAC8739D1CD075A800DB3BE2 /* TabMenuView.swift */ = {isa = PBXFileReference; fileEncoding = 4; lastKnownFileType = sourcecode.swift; path = TabMenuView.swift; sourceTree = "<group>"; };
		FAC8739F1CD078BB00DB3BE2 /* TabMenuView.xib */ = {isa = PBXFileReference; fileEncoding = 4; lastKnownFileType = file.xib; path = TabMenuView.xib; sourceTree = "<group>"; };
		FAC873A11CD07D3400DB3BE2 /* TabMenuCollectionViewCell.xib */ = {isa = PBXFileReference; fileEncoding = 4; lastKnownFileType = file.xib; path = TabMenuCollectionViewCell.xib; sourceTree = "<group>"; };
		FAC873A31CD07D5B00DB3BE2 /* TabMenuCollectionViewCell.swift */ = {isa = PBXFileReference; fileEncoding = 4; lastKnownFileType = sourcecode.swift; path = TabMenuCollectionViewCell.swift; sourceTree = "<group>"; };
		FAC873A51CD0808A00DB3BE2 /* TabMenuItemOption.swift */ = {isa = PBXFileReference; fileEncoding = 4; lastKnownFileType = sourcecode.swift; path = TabMenuItemOption.swift; sourceTree = "<group>"; };
		FAC873A71CD0AB4500DB3BE2 /* TabPagerViewController.swift */ = {isa = PBXFileReference; fileEncoding = 4; lastKnownFileType = sourcecode.swift; path = TabPagerViewController.swift; sourceTree = "<group>"; };
		FAC873A91CD0ABDE00DB3BE2 /* TabPager.storyboard */ = {isa = PBXFileReference; fileEncoding = 4; lastKnownFileType = file.storyboard; path = TabPager.storyboard; sourceTree = "<group>"; };
		FAC873AB1CD18FBE00DB3BE2 /* PagerWithScrollView.storyboard */ = {isa = PBXFileReference; fileEncoding = 4; lastKnownFileType = file.storyboard; path = PagerWithScrollView.storyboard; sourceTree = "<group>"; };
		FAC873AD1CD18FE800DB3BE2 /* PagerWithScrollViewViewController.swift */ = {isa = PBXFileReference; fileEncoding = 4; lastKnownFileType = sourcecode.swift; path = PagerWithScrollViewViewController.swift; sourceTree = "<group>"; };
		FAC8C55B1CBE915D001DE947 /* Pager.storyboard */ = {isa = PBXFileReference; fileEncoding = 4; lastKnownFileType = file.storyboard; path = Pager.storyboard; sourceTree = "<group>"; };
		FAC8C55C1CBE915D001DE947 /* PagerViewController.swift */ = {isa = PBXFileReference; fileEncoding = 4; lastKnownFileType = sourcecode.swift; path = PagerViewController.swift; sourceTree = "<group>"; };
/* End PBXFileReference section */

/* Begin PBXFrameworksBuildPhase section */
		FABB07881C746945008CAB48 /* Frameworks */ = {
			isa = PBXFrameworksBuildPhase;
			buildActionMask = 2147483647;
			files = (
				FA0BF5F01C815DEF00A06ED6 /* RxCocoa.framework in Frameworks */,
				FA0BF5EF1C815DE200A06ED6 /* RxSwift.framework in Frameworks */,
			);
			runOnlyForDeploymentPostprocessing = 0;
		};
		FABB079E1C746945008CAB48 /* Frameworks */ = {
			isa = PBXFrameworksBuildPhase;
			buildActionMask = 2147483647;
			files = (
			);
			runOnlyForDeploymentPostprocessing = 0;
		};
/* End PBXFrameworksBuildPhase section */

/* Begin PBXGroup section */
		FA02B5921CD3106B0062003E /* PageWithScrollView */ = {
			isa = PBXGroup;
			children = (
				FAC873AB1CD18FBE00DB3BE2 /* PagerWithScrollView.storyboard */,
				FAC873AD1CD18FE800DB3BE2 /* PagerWithScrollViewViewController.swift */,
			);
			name = PageWithScrollView;
			sourceTree = "<group>";
		};
		FA02B5971CD310BD0062003E /* TabBar */ = {
			isa = PBXGroup;
			children = (
				FA02B5931CD310870062003E /* TabBar.storyboard */,
				FA02B5951CD310AA0062003E /* TabBarViewController.swift */,
			);
			name = TabBar;
			sourceTree = "<group>";
		};
		FA02B59A1CD316690062003E /* Extension */ = {
			isa = PBXGroup;
			children = (
				FA02B5981CD316150062003E /* UIColor.swift */,
				FABBBE901CED637300DE5A41 /* TableView+Extensioins.swift */,
			);
			name = Extension;
			sourceTree = "<group>";
		};
		FA0BF5F21C815FD600A06ED6 /* Pager */ = {
			isa = PBXGroup;
			children = (
				FAC8C55B1CBE915D001DE947 /* Pager.storyboard */,
				FAC8C55C1CBE915D001DE947 /* PagerViewController.swift */,
				FAC873A91CD0ABDE00DB3BE2 /* TabPager.storyboard */,
				FAC873A71CD0AB4500DB3BE2 /* TabPagerViewController.swift */,
				FAC8739F1CD078BB00DB3BE2 /* TabMenuView.xib */,
				FAC8739D1CD075A800DB3BE2 /* TabMenuView.swift */,
				FAC873A11CD07D3400DB3BE2 /* TabMenuCollectionViewCell.xib */,
				FAC873A31CD07D5B00DB3BE2 /* TabMenuCollectionViewCell.swift */,
				FAC873A51CD0808A00DB3BE2 /* TabMenuItemOption.swift */,
			);
			name = Pager;
			sourceTree = "<group>";
		};
		FA0E1AE01C75615F00CD7ADF /* Alert */ = {
			isa = PBXGroup;
			children = (
				FABB07B21C747053008CAB48 /* Alert.storyboard */,
				FABB07B41C74708C008CAB48 /* AlertViewController.swift */,
			);
			name = Alert;
			sourceTree = "<group>";
		};
		FA0E1AE51C75653800CD7ADF /* Notification */ = {
			isa = PBXGroup;
			children = (
				FA0E1AE11C75650000CD7ADF /* Notification.storyboard */,
				FA0E1AE31C75652100CD7ADF /* NotificationViewController.swift */,
			);
			name = Notification;
			sourceTree = "<group>";
		};
		FA84099A1CE178C600D33FFC /* Pager2 */ = {
			isa = PBXGroup;
			children = (
				FA8409961CE1787E00D33FFC /* Pager2.storyboard */,
				FA8409981CE178AA00D33FFC /* Pager2ViewController.swift */,
				FA84099B1CE1798200D33FFC /* MenuView.swift */,
				FA84099D1CE179B100D33FFC /* PageMenuViewController.swift */,
				FA84099F1CE179CA00D33FFC /* DataViewController.swift */,
				FA8409A11CE179EC00D33FFC /* PageMenu.storyboard */,
			);
			name = Pager2;
			sourceTree = "<group>";
		};
		FA8409AB1CE1E12900D33FFC /* WithWebView */ = {
			isa = PBXGroup;
			children = (
				FA8409A71CE1E11000D33FFC /* WithWebView.storyboard */,
				FA8409A91CE1E12200D33FFC /* WithWebViewViewController.swift */,
			);
			name = WithWebView;
			sourceTree = "<group>";
		};
		FA8409AC1CE2107100D33FFC /* ChatUI */ = {
			isa = PBXGroup;
			children = (
				FA3361341CD8F94200B97B59 /* ChatUI.storyboard */,
				FA3361361CD8F95500B97B59 /* ChatUIViewController.swift */,
				FA3361381CD9A0F100B97B59 /* ChatMessageCell.swift */,
			);
			name = ChatUI;
			sourceTree = "<group>";
		};
		FAB1665A1CBF240B0040CE71 /* Transition */ = {
			isa = PBXGroup;
			children = (
				FAB166561CBF23FC0040CE71 /* TransitionViewController.swift */,
				FAB166581CBF24040040CE71 /* Transition.storyboard */,
			);
			name = Transition;
			sourceTree = "<group>";
		};
		FAB21E101CC909BC0081A2DF /* Collection */ = {
			isa = PBXGroup;
			children = (
				FAB21E0A1CC901EC0081A2DF /* Collection.storyboard */,
				FAB21E0C1CC902110081A2DF /* CollectionViewController.swift */,
				FAB21E0E1CC902880081A2DF /* CollectionViewCell.swift */,
			);
			name = Collection;
			sourceTree = "<group>";
		};
		FABB07821C746945008CAB48 = {
			isa = PBXGroup;
			children = (
				FAC8C55A1CBE912A001DE947 /* Carthage */,
				FABB078D1C746945008CAB48 /* iOSLearning */,
				FABB07A41C746945008CAB48 /* iOSLearningTests */,
				FABB078C1C746945008CAB48 /* Products */,
			);
			sourceTree = "<group>";
		};
		FABB078C1C746945008CAB48 /* Products */ = {
			isa = PBXGroup;
			children = (
				FABB078B1C746945008CAB48 /* iOSLearning.app */,
				FABB07A11C746945008CAB48 /* iOSLearningTests.xctest */,
			);
			name = Products;
			sourceTree = "<group>";
		};
		FABB078D1C746945008CAB48 /* iOSLearning */ = {
			isa = PBXGroup;
			children = (
				FABB078E1C746945008CAB48 /* AppDelegate.swift */,
				FABB07941C746945008CAB48 /* Main.storyboard */,
				FABB07901C746945008CAB48 /* MasterViewController.swift */,
				FABB07B01C746C68008CAB48 /* Example.swift */,
				FA0E1AE01C75615F00CD7ADF /* Alert */,
				FA0E1AE51C75653800CD7ADF /* Notification */,
				FA0BF5F21C815FD600A06ED6 /* Pager */,
				FA84099A1CE178C600D33FFC /* Pager2 */,
				FA02B5921CD3106B0062003E /* PageWithScrollView */,
				FAB1665A1CBF240B0040CE71 /* Transition */,
				FAB21E101CC909BC0081A2DF /* Collection */,
				FA02B5971CD310BD0062003E /* TabBar */,
				FAC1DA7B1CD640CD00D6A6C1 /* ParallaxImage */,
				FA8409AB1CE1E12900D33FFC /* WithWebView */,
				FA8409AC1CE2107100D33FFC /* ChatUI */,
				FABBBE9A1CED8CF200DE5A41 /* InfinityScroll */,
				FABB07971C746945008CAB48 /* Assets.xcassets */,
				FABB07991C746945008CAB48 /* LaunchScreen.storyboard */,
				FABB079C1C746945008CAB48 /* Info.plist */,
				FA02B59A1CD316690062003E /* Extension */,
			);
			path = iOSLearning;
			sourceTree = "<group>";
		};
		FABB07A41C746945008CAB48 /* iOSLearningTests */ = {
			isa = PBXGroup;
			children = (
				FABB07A51C746945008CAB48 /* iOSLearningTests.swift */,
				FABB07A71C746945008CAB48 /* Info.plist */,
			);
			path = iOSLearningTests;
			sourceTree = "<group>";
		};
		FABBBE9A1CED8CF200DE5A41 /* InfinityScroll */ = {
			isa = PBXGroup;
			children = (
				FABBBE961CED7EFA00DE5A41 /* InfinityScroll.storyboard */,
				FABBBE8A1CED62D100DE5A41 /* InfinityScrollViewController.swift */,
				FABBBE8C1CED62F600DE5A41 /* InfinityScrollTableViewCell.swift */,
				FABBBE8D1CED62F600DE5A41 /* InfinityScrollTableViewCell.xib */,
				FABBBE921CED7E3200DE5A41 /* LoadingTableViewCell.swift */,
				FABBBE931CED7E3200DE5A41 /* LoadingTableViewCell.xib */,
			);
			name = InfinityScroll;
			sourceTree = "<group>";
		};
		FAC1DA7B1CD640CD00D6A6C1 /* ParallaxImage */ = {
			isa = PBXGroup;
			children = (
				FAC1DA791CD6004700D6A6C1 /* ParallaxImage.storyboard */,
				FAC1DA771CD6001B00D6A6C1 /* ParallaxImageViewController.swift */,
			);
			name = ParallaxImage;
			sourceTree = "<group>";
		};
		FAC8C55A1CBE912A001DE947 /* Carthage */ = {
			isa = PBXGroup;
			children = (
				FA0BF5E91C81591500A06ED6 /* RxSwift.framework */,
				FA0BF5E71C81590700A06ED6 /* RxCocoa.framework */,
			);
			name = Carthage;
			sourceTree = "<group>";
		};
/* End PBXGroup section */

/* Begin PBXNativeTarget section */
		FABB078A1C746945008CAB48 /* iOSLearning */ = {
			isa = PBXNativeTarget;
			buildConfigurationList = FABB07AA1C746945008CAB48 /* Build configuration list for PBXNativeTarget "iOSLearning" */;
			buildPhases = (
				FABB07871C746945008CAB48 /* Sources */,
				FABB07881C746945008CAB48 /* Frameworks */,
				FABB07891C746945008CAB48 /* Resources */,
				FA0BF5F11C815E0D00A06ED6 /* ShellScript */,
			);
			buildRules = (
			);
			dependencies = (
			);
			name = iOSLearning;
			productName = iOSLearning;
			productReference = FABB078B1C746945008CAB48 /* iOSLearning.app */;
			productType = "com.apple.product-type.application";
		};
		FABB07A01C746945008CAB48 /* iOSLearningTests */ = {
			isa = PBXNativeTarget;
			buildConfigurationList = FABB07AD1C746945008CAB48 /* Build configuration list for PBXNativeTarget "iOSLearningTests" */;
			buildPhases = (
				FABB079D1C746945008CAB48 /* Sources */,
				FABB079E1C746945008CAB48 /* Frameworks */,
				FABB079F1C746945008CAB48 /* Resources */,
			);
			buildRules = (
			);
			dependencies = (
				FABB07A31C746945008CAB48 /* PBXTargetDependency */,
			);
			name = iOSLearningTests;
			productName = iOSLearningTests;
			productReference = FABB07A11C746945008CAB48 /* iOSLearningTests.xctest */;
			productType = "com.apple.product-type.bundle.unit-test";
		};
/* End PBXNativeTarget section */

/* Begin PBXProject section */
		FABB07831C746945008CAB48 /* Project object */ = {
			isa = PBXProject;
			attributes = {
				LastSwiftUpdateCheck = 0720;
				LastUpgradeCheck = 0720;
				ORGANIZATIONNAME = chooblarin;
				TargetAttributes = {
					FABB078A1C746945008CAB48 = {
						CreatedOnToolsVersion = 7.2.1;
					};
					FABB07A01C746945008CAB48 = {
						CreatedOnToolsVersion = 7.2.1;
						TestTargetID = FABB078A1C746945008CAB48;
					};
				};
			};
			buildConfigurationList = FABB07861C746945008CAB48 /* Build configuration list for PBXProject "iOSLearning" */;
			compatibilityVersion = "Xcode 3.2";
			developmentRegion = English;
			hasScannedForEncodings = 0;
			knownRegions = (
				en,
				Base,
			);
			mainGroup = FABB07821C746945008CAB48;
			productRefGroup = FABB078C1C746945008CAB48 /* Products */;
			projectDirPath = "";
			projectRoot = "";
			targets = (
				FABB078A1C746945008CAB48 /* iOSLearning */,
				FABB07A01C746945008CAB48 /* iOSLearningTests */,
			);
		};
/* End PBXProject section */

/* Begin PBXResourcesBuildPhase section */
		FABB07891C746945008CAB48 /* Resources */ = {
			isa = PBXResourcesBuildPhase;
			buildActionMask = 2147483647;
			files = (
				FAB21E0B1CC901EC0081A2DF /* Collection.storyboard in Resources */,
				FAC873AA1CD0ABDE00DB3BE2 /* TabPager.storyboard in Resources */,
				FAC873AC1CD18FBE00DB3BE2 /* PagerWithScrollView.storyboard in Resources */,
				FAC8C55D1CBE915D001DE947 /* Pager.storyboard in Resources */,
				FAC873A21CD07D3400DB3BE2 /* TabMenuCollectionViewCell.xib in Resources */,
				FAC1DA7A1CD6004700D6A6C1 /* ParallaxImage.storyboard in Resources */,
				FABBBE951CED7E3200DE5A41 /* LoadingTableViewCell.xib in Resources */,
				FA3361351CD8F94200B97B59 /* ChatUI.storyboard in Resources */,
				FAC873A01CD078BB00DB3BE2 /* TabMenuView.xib in Resources */,
				FABBBE971CED7EFA00DE5A41 /* InfinityScroll.storyboard in Resources */,
				FABB079B1C746945008CAB48 /* LaunchScreen.storyboard in Resources */,
				FA8409971CE1787E00D33FFC /* Pager2.storyboard in Resources */,
				FA8409A21CE179EC00D33FFC /* PageMenu.storyboard in Resources */,
				FABBBE8F1CED62F600DE5A41 /* InfinityScrollTableViewCell.xib in Resources */,
				FABB07981C746945008CAB48 /* Assets.xcassets in Resources */,
				FA02B5941CD310870062003E /* TabBar.storyboard in Resources */,
				FAB166591CBF24040040CE71 /* Transition.storyboard in Resources */,
				FABB07961C746945008CAB48 /* Main.storyboard in Resources */,
				FABB07B31C747053008CAB48 /* Alert.storyboard in Resources */,
				FA8409A81CE1E11000D33FFC /* WithWebView.storyboard in Resources */,
				FA0E1AE21C75650000CD7ADF /* Notification.storyboard in Resources */,
			);
			runOnlyForDeploymentPostprocessing = 0;
		};
		FABB079F1C746945008CAB48 /* Resources */ = {
			isa = PBXResourcesBuildPhase;
			buildActionMask = 2147483647;
			files = (
			);
			runOnlyForDeploymentPostprocessing = 0;
		};
/* End PBXResourcesBuildPhase section */

/* Begin PBXShellScriptBuildPhase section */
		FA0BF5F11C815E0D00A06ED6 /* ShellScript */ = {
			isa = PBXShellScriptBuildPhase;
			buildActionMask = 2147483647;
			files = (
			);
			inputPaths = (
				"$(SRCROOT)/Carthage/Build/iOS/RxCocoa.framework",
				"$(SRCROOT)/Carthage/Build/iOS/RxSwift.framework",
			);
			outputPaths = (
			);
			runOnlyForDeploymentPostprocessing = 0;
			shellPath = /bin/sh;
			shellScript = "/usr/local/bin/carthage copy-frameworks";
		};
/* End PBXShellScriptBuildPhase section */

/* Begin PBXSourcesBuildPhase section */
		FABB07871C746945008CAB48 /* Sources */ = {
			isa = PBXSourcesBuildPhase;
			buildActionMask = 2147483647;
			files = (
				FABBBE911CED637300DE5A41 /* TableView+Extensioins.swift in Sources */,
				FAC8739E1CD075A800DB3BE2 /* TabMenuView.swift in Sources */,
				FAC8C55E1CBE915D001DE947 /* PagerViewController.swift in Sources */,
				FAC873A61CD0808A00DB3BE2 /* TabMenuItemOption.swift in Sources */,
				FAC873A41CD07D5B00DB3BE2 /* TabMenuCollectionViewCell.swift in Sources */,
				FA8409A01CE179CA00D33FFC /* DataViewController.swift in Sources */,
				FA0E1AE41C75652100CD7ADF /* NotificationViewController.swift in Sources */,
				FA02B5991CD316150062003E /* UIColor.swift in Sources */,
				FABBBE8B1CED62D100DE5A41 /* InfinityScrollViewController.swift in Sources */,
				FAB21E0F1CC902880081A2DF /* CollectionViewCell.swift in Sources */,
				FABBBE941CED7E3200DE5A41 /* LoadingTableViewCell.swift in Sources */,
				FA84099C1CE1798200D33FFC /* MenuView.swift in Sources */,
				FABB07B11C746C68008CAB48 /* Example.swift in Sources */,
				FABB07911C746945008CAB48 /* MasterViewController.swift in Sources */,
				FA8409991CE178AA00D33FFC /* Pager2ViewController.swift in Sources */,
				FAB21E0D1CC902110081A2DF /* CollectionViewController.swift in Sources */,
				FA84099E1CE179B100D33FFC /* PageMenuViewController.swift in Sources */,
				FAC873A81CD0AB4500DB3BE2 /* TabPagerViewController.swift in Sources */,
				FAC1DA781CD6001B00D6A6C1 /* ParallaxImageViewController.swift in Sources */,
				FA3361371CD8F95500B97B59 /* ChatUIViewController.swift in Sources */,
				FABB078F1C746945008CAB48 /* AppDelegate.swift in Sources */,
				FAB166571CBF23FC0040CE71 /* TransitionViewController.swift in Sources */,
				FAC873AE1CD18FE800DB3BE2 /* PagerWithScrollViewViewController.swift in Sources */,
				FA3361391CD9A0F100B97B59 /* ChatMessageCell.swift in Sources */,
				FA02B5961CD310AA0062003E /* TabBarViewController.swift in Sources */,
				FA8409AA1CE1E12200D33FFC /* WithWebViewViewController.swift in Sources */,
				FABBBE8E1CED62F600DE5A41 /* InfinityScrollTableViewCell.swift in Sources */,
				FABB07B51C74708C008CAB48 /* AlertViewController.swift in Sources */,
			);
			runOnlyForDeploymentPostprocessing = 0;
		};
		FABB079D1C746945008CAB48 /* Sources */ = {
			isa = PBXSourcesBuildPhase;
			buildActionMask = 2147483647;
			files = (
				FABB07A61C746945008CAB48 /* iOSLearningTests.swift in Sources */,
			);
			runOnlyForDeploymentPostprocessing = 0;
		};
/* End PBXSourcesBuildPhase section */

/* Begin PBXTargetDependency section */
		FABB07A31C746945008CAB48 /* PBXTargetDependency */ = {
			isa = PBXTargetDependency;
			target = FABB078A1C746945008CAB48 /* iOSLearning */;
			targetProxy = FABB07A21C746945008CAB48 /* PBXContainerItemProxy */;
		};
/* End PBXTargetDependency section */

/* Begin PBXVariantGroup section */
		FABB07941C746945008CAB48 /* Main.storyboard */ = {
			isa = PBXVariantGroup;
			children = (
				FABB07951C746945008CAB48 /* Base */,
			);
			name = Main.storyboard;
			sourceTree = "<group>";
		};
		FABB07991C746945008CAB48 /* LaunchScreen.storyboard */ = {
			isa = PBXVariantGroup;
			children = (
				FABB079A1C746945008CAB48 /* Base */,
			);
			name = LaunchScreen.storyboard;
			sourceTree = "<group>";
		};
/* End PBXVariantGroup section */

/* Begin XCBuildConfiguration section */
		FABB07A81C746945008CAB48 /* Debug */ = {
			isa = XCBuildConfiguration;
			buildSettings = {
				ALWAYS_SEARCH_USER_PATHS = NO;
				CLANG_CXX_LANGUAGE_STANDARD = "gnu++0x";
				CLANG_CXX_LIBRARY = "libc++";
				CLANG_ENABLE_MODULES = YES;
				CLANG_ENABLE_OBJC_ARC = YES;
				CLANG_WARN_BOOL_CONVERSION = YES;
				CLANG_WARN_CONSTANT_CONVERSION = YES;
				CLANG_WARN_DIRECT_OBJC_ISA_USAGE = YES_ERROR;
				CLANG_WARN_EMPTY_BODY = YES;
				CLANG_WARN_ENUM_CONVERSION = YES;
				CLANG_WARN_INT_CONVERSION = YES;
				CLANG_WARN_OBJC_ROOT_CLASS = YES_ERROR;
				CLANG_WARN_UNREACHABLE_CODE = YES;
				CLANG_WARN__DUPLICATE_METHOD_MATCH = YES;
				"CODE_SIGN_IDENTITY[sdk=iphoneos*]" = "iPhone Developer";
				COPY_PHASE_STRIP = NO;
				DEBUG_INFORMATION_FORMAT = dwarf;
				ENABLE_STRICT_OBJC_MSGSEND = YES;
				ENABLE_TESTABILITY = YES;
				GCC_C_LANGUAGE_STANDARD = gnu99;
				GCC_DYNAMIC_NO_PIC = NO;
				GCC_NO_COMMON_BLOCKS = YES;
				GCC_OPTIMIZATION_LEVEL = 0;
				GCC_PREPROCESSOR_DEFINITIONS = (
					"DEBUG=1",
					"$(inherited)",
				);
				GCC_WARN_64_TO_32_BIT_CONVERSION = YES;
				GCC_WARN_ABOUT_RETURN_TYPE = YES_ERROR;
				GCC_WARN_UNDECLARED_SELECTOR = YES;
				GCC_WARN_UNINITIALIZED_AUTOS = YES_AGGRESSIVE;
				GCC_WARN_UNUSED_FUNCTION = YES;
				GCC_WARN_UNUSED_VARIABLE = YES;
				IPHONEOS_DEPLOYMENT_TARGET = 9.2;
				MTL_ENABLE_DEBUG_INFO = YES;
				ONLY_ACTIVE_ARCH = YES;
				SDKROOT = iphoneos;
				SWIFT_OPTIMIZATION_LEVEL = "-Onone";
				TARGETED_DEVICE_FAMILY = "1,2";
			};
			name = Debug;
		};
		FABB07A91C746945008CAB48 /* Release */ = {
			isa = XCBuildConfiguration;
			buildSettings = {
				ALWAYS_SEARCH_USER_PATHS = NO;
				CLANG_CXX_LANGUAGE_STANDARD = "gnu++0x";
				CLANG_CXX_LIBRARY = "libc++";
				CLANG_ENABLE_MODULES = YES;
				CLANG_ENABLE_OBJC_ARC = YES;
				CLANG_WARN_BOOL_CONVERSION = YES;
				CLANG_WARN_CONSTANT_CONVERSION = YES;
				CLANG_WARN_DIRECT_OBJC_ISA_USAGE = YES_ERROR;
				CLANG_WARN_EMPTY_BODY = YES;
				CLANG_WARN_ENUM_CONVERSION = YES;
				CLANG_WARN_INT_CONVERSION = YES;
				CLANG_WARN_OBJC_ROOT_CLASS = YES_ERROR;
				CLANG_WARN_UNREACHABLE_CODE = YES;
				CLANG_WARN__DUPLICATE_METHOD_MATCH = YES;
				"CODE_SIGN_IDENTITY[sdk=iphoneos*]" = "iPhone Developer";
				COPY_PHASE_STRIP = NO;
				DEBUG_INFORMATION_FORMAT = "dwarf-with-dsym";
				ENABLE_NS_ASSERTIONS = NO;
				ENABLE_STRICT_OBJC_MSGSEND = YES;
				GCC_C_LANGUAGE_STANDARD = gnu99;
				GCC_NO_COMMON_BLOCKS = YES;
				GCC_WARN_64_TO_32_BIT_CONVERSION = YES;
				GCC_WARN_ABOUT_RETURN_TYPE = YES_ERROR;
				GCC_WARN_UNDECLARED_SELECTOR = YES;
				GCC_WARN_UNINITIALIZED_AUTOS = YES_AGGRESSIVE;
				GCC_WARN_UNUSED_FUNCTION = YES;
				GCC_WARN_UNUSED_VARIABLE = YES;
				IPHONEOS_DEPLOYMENT_TARGET = 9.2;
				MTL_ENABLE_DEBUG_INFO = NO;
				SDKROOT = iphoneos;
				TARGETED_DEVICE_FAMILY = "1,2";
				VALIDATE_PRODUCT = YES;
			};
			name = Release;
		};
		FABB07AB1C746945008CAB48 /* Debug */ = {
			isa = XCBuildConfiguration;
			buildSettings = {
				ASSETCATALOG_COMPILER_APPICON_NAME = AppIcon;
				FRAMEWORK_SEARCH_PATHS = (
					"$(inherited)",
					"$(PROJECT_DIR)/Carthage/Build/iOS",
				);
				INFOPLIST_FILE = iOSLearning/Info.plist;
				LD_RUNPATH_SEARCH_PATHS = "$(inherited) @executable_path/Frameworks";
				PRODUCT_BUNDLE_IDENTIFIER = chooblarin.iOSLearning;
				PRODUCT_NAME = "$(TARGET_NAME)";
			};
			name = Debug;
		};
		FABB07AC1C746945008CAB48 /* Release */ = {
			isa = XCBuildConfiguration;
			buildSettings = {
				ASSETCATALOG_COMPILER_APPICON_NAME = AppIcon;
				FRAMEWORK_SEARCH_PATHS = (
					"$(inherited)",
					"$(PROJECT_DIR)/Carthage/Build/iOS",
				);
				INFOPLIST_FILE = iOSLearning/Info.plist;
				LD_RUNPATH_SEARCH_PATHS = "$(inherited) @executable_path/Frameworks";
				PRODUCT_BUNDLE_IDENTIFIER = chooblarin.iOSLearning;
				PRODUCT_NAME = "$(TARGET_NAME)";
			};
			name = Release;
		};
		FABB07AE1C746945008CAB48 /* Debug */ = {
			isa = XCBuildConfiguration;
			buildSettings = {
				BUNDLE_LOADER = "$(TEST_HOST)";
				INFOPLIST_FILE = iOSLearningTests/Info.plist;
				LD_RUNPATH_SEARCH_PATHS = "$(inherited) @executable_path/Frameworks @loader_path/Frameworks";
				PRODUCT_BUNDLE_IDENTIFIER = chooblarin.iOSLearningTests;
				PRODUCT_NAME = "$(TARGET_NAME)";
				TEST_HOST = "$(BUILT_PRODUCTS_DIR)/iOSLearning.app/iOSLearning";
			};
			name = Debug;
		};
		FABB07AF1C746945008CAB48 /* Release */ = {
			isa = XCBuildConfiguration;
			buildSettings = {
				BUNDLE_LOADER = "$(TEST_HOST)";
				INFOPLIST_FILE = iOSLearningTests/Info.plist;
				LD_RUNPATH_SEARCH_PATHS = "$(inherited) @executable_path/Frameworks @loader_path/Frameworks";
				PRODUCT_BUNDLE_IDENTIFIER = chooblarin.iOSLearningTests;
				PRODUCT_NAME = "$(TARGET_NAME)";
				TEST_HOST = "$(BUILT_PRODUCTS_DIR)/iOSLearning.app/iOSLearning";
			};
			name = Release;
		};
/* End XCBuildConfiguration section */

/* Begin XCConfigurationList section */
		FABB07861C746945008CAB48 /* Build configuration list for PBXProject "iOSLearning" */ = {
			isa = XCConfigurationList;
			buildConfigurations = (
				FABB07A81C746945008CAB48 /* Debug */,
				FABB07A91C746945008CAB48 /* Release */,
			);
			defaultConfigurationIsVisible = 0;
			defaultConfigurationName = Release;
		};
		FABB07AA1C746945008CAB48 /* Build configuration list for PBXNativeTarget "iOSLearning" */ = {
			isa = XCConfigurationList;
			buildConfigurations = (
				FABB07AB1C746945008CAB48 /* Debug */,
				FABB07AC1C746945008CAB48 /* Release */,
			);
			defaultConfigurationIsVisible = 0;
			defaultConfigurationName = Release;
		};
		FABB07AD1C746945008CAB48 /* Build configuration list for PBXNativeTarget "iOSLearningTests" */ = {
			isa = XCConfigurationList;
			buildConfigurations = (
				FABB07AE1C746945008CAB48 /* Debug */,
				FABB07AF1C746945008CAB48 /* Release */,
			);
			defaultConfigurationIsVisible = 0;
			defaultConfigurationName = Release;
		};
/* End XCConfigurationList section */
	};
	rootObject = FABB07831C746945008CAB48 /* Project object */;
}
