// !$*UTF8*$!
{
	archiveVersion = 1;
	classes = {
	};
	objectVersion = 48;
	objects = {

/* Begin PBXBuildFile section */
		FA2D7DAA1FB6023000E1662E /* DragDownModalViewController.swift in Sources */ = {isa = PBXBuildFile; fileRef = FA2D7DA91FB6023000E1662E /* DragDownModalViewController.swift */; };
		FAA05F1A1FB5FFC400E9B72D /* AppDelegate.swift in Sources */ = {isa = PBXBuildFile; fileRef = FAA05F191FB5FFC400E9B72D /* AppDelegate.swift */; };
		FAA05F1C1FB5FFC400E9B72D /* ViewController.swift in Sources */ = {isa = PBXBuildFile; fileRef = FAA05F1B1FB5FFC400E9B72D /* ViewController.swift */; };
		FAA05F1F1FB5FFC400E9B72D /* Main.storyboard in Resources */ = {isa = PBXBuildFile; fileRef = FAA05F1D1FB5FFC400E9B72D /* Main.storyboard */; };
		FAA05F211FB5FFC400E9B72D /* Assets.xcassets in Resources */ = {isa = PBXBuildFile; fileRef = FAA05F201FB5FFC400E9B72D /* Assets.xcassets */; };
		FAA05F241FB5FFC400E9B72D /* LaunchScreen.storyboard in Resources */ = {isa = PBXBuildFile; fileRef = FAA05F221FB5FFC400E9B72D /* LaunchScreen.storyboard */; };
/* End PBXBuildFile section */

/* Begin PBXFileReference section */
		FA2D7DA91FB6023000E1662E /* DragDownModalViewController.swift */ = {isa = PBXFileReference; lastKnownFileType = sourcecode.swift; path = DragDownModalViewController.swift; sourceTree = "<group>"; };
		FAA05F161FB5FFC400E9B72D /* DragDownModal.app */ = {isa = PBXFileReference; explicitFileType = wrapper.application; includeInIndex = 0; path = DragDownModal.app; sourceTree = BUILT_PRODUCTS_DIR; };
		FAA05F191FB5FFC400E9B72D /* AppDelegate.swift */ = {isa = PBXFileReference; lastKnownFileType = sourcecode.swift; path = AppDelegate.swift; sourceTree = "<group>"; };
		FAA05F1B1FB5FFC400E9B72D /* ViewController.swift */ = {isa = PBXFileReference; lastKnownFileType = sourcecode.swift; path = ViewController.swift; sourceTree = "<group>"; };
		FAA05F1E1FB5FFC400E9B72D /* Base */ = {isa = PBXFileReference; lastKnownFileType = file.storyboard; name = Base; path = Base.lproj/Main.storyboard; sourceTree = "<group>"; };
		FAA05F201FB5FFC400E9B72D /* Assets.xcassets */ = {isa = PBXFileReference; lastKnownFileType = folder.assetcatalog; path = Assets.xcassets; sourceTree = "<group>"; };
		FAA05F231FB5FFC400E9B72D /* Base */ = {isa = PBXFileReference; lastKnownFileType = file.storyboard; name = Base; path = Base.lproj/LaunchScreen.storyboard; sourceTree = "<group>"; };
		FAA05F251FB5FFC400E9B72D /* Info.plist */ = {isa = PBXFileReference; lastKnownFileType = text.plist.xml; path = Info.plist; sourceTree = "<group>"; };
/* End PBXFileReference section */

/* Begin PBXFrameworksBuildPhase section */
		FAA05F131FB5FFC400E9B72D /* Frameworks */ = {
			isa = PBXFrameworksBuildPhase;
			buildActionMask = 2147483647;
			files = (
			);
			runOnlyForDeploymentPostprocessing = 0;
		};
/* End PBXFrameworksBuildPhase section */

/* Begin PBXGroup section */
		FAA05F0D1FB5FFC400E9B72D = {
			isa = PBXGroup;
			children = (
				FAA05F181FB5FFC400E9B72D /* DragDownModal */,
				FAA05F171FB5FFC400E9B72D /* Products */,
			);
			sourceTree = "<group>";
		};
		FAA05F171FB5FFC400E9B72D /* Products */ = {
			isa = PBXGroup;
			children = (
				FAA05F161FB5FFC400E9B72D /* DragDownModal.app */,
			);
			name = Products;
			sourceTree = "<group>";
		};
		FAA05F181FB5FFC400E9B72D /* DragDownModal */ = {
			isa = PBXGroup;
			children = (
				FAA05F191FB5FFC400E9B72D /* AppDelegate.swift */,
				FAA05F1B1FB5FFC400E9B72D /* ViewController.swift */,
				FA2D7DA91FB6023000E1662E /* DragDownModalViewController.swift */,
				FAA05F1D1FB5FFC400E9B72D /* Main.storyboard */,
				FAA05F201FB5FFC400E9B72D /* Assets.xcassets */,
				FAA05F221FB5FFC400E9B72D /* LaunchScreen.storyboard */,
				FAA05F251FB5FFC400E9B72D /* Info.plist */,
			);
			path = DragDownModal;
			sourceTree = "<group>";
		};
/* End PBXGroup section */

/* Begin PBXNativeTarget section */
		FAA05F151FB5FFC400E9B72D /* DragDownModal */ = {
			isa = PBXNativeTarget;
			buildConfigurationList = FAA05F281FB5FFC400E9B72D /* Build configuration list for PBXNativeTarget "DragDownModal" */;
			buildPhases = (
				FAA05F121FB5FFC400E9B72D /* Sources */,
				FAA05F131FB5FFC400E9B72D /* Frameworks */,
				FAA05F141FB5FFC400E9B72D /* Resources */,
			);
			buildRules = (
			);
			dependencies = (
			);
			name = DragDownModal;
			productName = DragDownModal;
			productReference = FAA05F161FB5FFC400E9B72D /* DragDownModal.app */;
			productType = "com.apple.product-type.application";
		};
/* End PBXNativeTarget section */

/* Begin PBXProject section */
		FAA05F0E1FB5FFC400E9B72D /* Project object */ = {
			isa = PBXProject;
			attributes = {
				LastSwiftUpdateCheck = 0900;
				LastUpgradeCheck = 0900;
				ORGANIZATIONNAME = "Sota Hatakeyama";
				TargetAttributes = {
					FAA05F151FB5FFC400E9B72D = {
						CreatedOnToolsVersion = 9.0;
						ProvisioningStyle = Automatic;
					};
				};
			};
			buildConfigurationList = FAA05F111FB5FFC400E9B72D /* Build configuration list for PBXProject "DragDownModal" */;
			compatibilityVersion = "Xcode 8.0";
			developmentRegion = en;
			hasScannedForEncodings = 0;
			knownRegions = (
				en,
				Base,
			);
			mainGroup = FAA05F0D1FB5FFC400E9B72D;
			productRefGroup = FAA05F171FB5FFC400E9B72D /* Products */;
			projectDirPath = "";
			projectRoot = "";
			targets = (
				FAA05F151FB5FFC400E9B72D /* DragDownModal */,
			);
		};
/* End PBXProject section */

/* Begin PBXResourcesBuildPhase section */
		FAA05F141FB5FFC400E9B72D /* Resources */ = {
			isa = PBXResourcesBuildPhase;
			buildActionMask = 2147483647;
			files = (
				FAA05F241FB5FFC400E9B72D /* LaunchScreen.storyboard in Resources */,
				FAA05F211FB5FFC400E9B72D /* Assets.xcassets in Resources */,
				FAA05F1F1FB5FFC400E9B72D /* Main.storyboard in Resources */,
			);
			runOnlyForDeploymentPostprocessing = 0;
		};
/* End PBXResourcesBuildPhase section */

/* Begin PBXSourcesBuildPhase section */
		FAA05F121FB5FFC400E9B72D /* Sources */ = {
			isa = PBXSourcesBuildPhase;
			buildActionMask = 2147483647;
			files = (
				FA2D7DAA1FB6023000E1662E /* DragDownModalViewController.swift in Sources */,
				FAA05F1C1FB5FFC400E9B72D /* ViewController.swift in Sources */,
				FAA05F1A1FB5FFC400E9B72D /* AppDelegate.swift in Sources */,
			);
			runOnlyForDeploymentPostprocessing = 0;
		};
/* End PBXSourcesBuildPhase section */

/* Begin PBXVariantGroup section */
		FAA05F1D1FB5FFC400E9B72D /* Main.storyboard */ = {
			isa = PBXVariantGroup;
			children = (
				FAA05F1E1FB5FFC400E9B72D /* Base */,
			);
			name = Main.storyboard;
			sourceTree = "<group>";
		};
		FAA05F221FB5FFC400E9B72D /* LaunchScreen.storyboard */ = {
			isa = PBXVariantGroup;
			children = (
				FAA05F231FB5FFC400E9B72D /* Base */,
			);
			name = LaunchScreen.storyboard;
			sourceTree = "<group>";
		};
/* End PBXVariantGroup section */

/* Begin XCBuildConfiguration section */
		FAA05F261FB5FFC400E9B72D /* Debug */ = {
			isa = XCBuildConfiguration;
			buildSettings = {
				ALWAYS_SEARCH_USER_PATHS = NO;
				CLANG_ANALYZER_NONNULL = YES;
				CLANG_ANALYZER_NUMBER_OBJECT_CONVERSION = YES_AGGRESSIVE;
				CLANG_CXX_LANGUAGE_STANDARD = "gnu++14";
				CLANG_CXX_LIBRARY = "libc++";
				CLANG_ENABLE_MODULES = YES;
				CLANG_ENABLE_OBJC_ARC = YES;
				CLANG_WARN_BLOCK_CAPTURE_AUTORELEASING = YES;
				CLANG_WARN_BOOL_CONVERSION = YES;
				CLANG_WARN_COMMA = YES;
				CLANG_WARN_CONSTANT_CONVERSION = YES;
				CLANG_WARN_DIRECT_OBJC_ISA_USAGE = YES_ERROR;
				CLANG_WARN_DOCUMENTATION_COMMENTS = YES;
				CLANG_WARN_EMPTY_BODY = YES;
				CLANG_WARN_ENUM_CONVERSION = YES;
				CLANG_WARN_INFINITE_RECURSION = YES;
				CLANG_WARN_INT_CONVERSION = YES;
				CLANG_WARN_NON_LITERAL_NULL_CONVERSION = YES;
				CLANG_WARN_OBJC_LITERAL_CONVERSION = YES;
				CLANG_WARN_OBJC_ROOT_CLASS = YES_ERROR;
				CLANG_WARN_RANGE_LOOP_ANALYSIS = YES;
				CLANG_WARN_STRICT_PROTOTYPES = YES;
				CLANG_WARN_SUSPICIOUS_MOVE = YES;
				CLANG_WARN_UNGUARDED_AVAILABILITY = YES_AGGRESSIVE;
				CLANG_WARN_UNREACHABLE_CODE = YES;
				CLANG_WARN__DUPLICATE_METHOD_MATCH = YES;
				CODE_SIGN_IDENTITY = "iPhone Developer";
				COPY_PHASE_STRIP = NO;
				DEBUG_INFORMATION_FORMAT = dwarf;
				ENABLE_STRICT_OBJC_MSGSEND = YES;
				ENABLE_TESTABILITY = YES;
				GCC_C_LANGUAGE_STANDARD = gnu11;
				GCC_DYNAMIC_NO_PIC = NO;
				GCC_NO_COMMON_BLOCKS = YES;
				GCC_OPTIMIZATION_LEVEL = 0;
				GCC_PREPROCESSOR_DEFINITIONS = (
					"DEBUG=1",
					"$(inherited)",
				);
				GCC_WARN_64_TO_32_BIT_CONVERSION = YES;
				GCC_WARN_ABOUT_RETURN_TYPE = YES_ERROR;
				GCC_WARN_UNDECLARED_SELECTOR = YES;
				GCC_WARN_UNINITIALIZED_AUTOS = YES_AGGRESSIVE;
				GCC_WARN_UNUSED_FUNCTION = YES;
				GCC_WARN_UNUSED_VARIABLE = YES;
				IPHONEOS_DEPLOYMENT_TARGET = 11.0;
				MTL_ENABLE_DEBUG_INFO = YES;
				ONLY_ACTIVE_ARCH = YES;
				SDKROOT = iphoneos;
				SWIFT_ACTIVE_COMPILATION_CONDITIONS = DEBUG;
				SWIFT_OPTIMIZATION_LEVEL = "-Onone";
			};
			name = Debug;
		};
		FAA05F271FB5FFC400E9B72D /* Release */ = {
			isa = XCBuildConfiguration;
			buildSettings = {
				ALWAYS_SEARCH_USER_PATHS = NO;
				CLANG_ANALYZER_NONNULL = YES;
				CLANG_ANALYZER_NUMBER_OBJECT_CONVERSION = YES_AGGRESSIVE;
				CLANG_CXX_LANGUAGE_STANDARD = "gnu++14";
				CLANG_CXX_LIBRARY = "libc++";
				CLANG_ENABLE_MODULES = YES;
				CLANG_ENABLE_OBJC_ARC = YES;
				CLANG_WARN_BLOCK_CAPTURE_AUTORELEASING = YES;
				CLANG_WARN_BOOL_CONVERSION = YES;
				CLANG_WARN_COMMA = YES;
				CLANG_WARN_CONSTANT_CONVERSION = YES;
				CLANG_WARN_DIRECT_OBJC_ISA_USAGE = YES_ERROR;
				CLANG_WARN_DOCUMENTATION_COMMENTS = YES;
				CLANG_WARN_EMPTY_BODY = YES;
				CLANG_WARN_ENUM_CONVERSION = YES;
				CLANG_WARN_INFINITE_RECURSION = YES;
				CLANG_WARN_INT_CONVERSION = YES;
				CLANG_WARN_NON_LITERAL_NULL_CONVERSION = YES;
				CLANG_WARN_OBJC_LITERAL_CONVERSION = YES;
				CLANG_WARN_OBJC_ROOT_CLASS = YES_ERROR;
				CLANG_WARN_RANGE_LOOP_ANALYSIS = YES;
				CLANG_WARN_STRICT_PROTOTYPES = YES;
				CLANG_WARN_SUSPICIOUS_MOVE = YES;
				CLANG_WARN_UNGUARDED_AVAILABILITY = YES_AGGRESSIVE;
				CLANG_WARN_UNREACHABLE_CODE = YES;
				CLANG_WARN__DUPLICATE_METHOD_MATCH = YES;
				CODE_SIGN_IDENTITY = "iPhone Developer";
				COPY_PHASE_STRIP = NO;
				DEBUG_INFORMATION_FORMAT = "dwarf-with-dsym";
				ENABLE_NS_ASSERTIONS = NO;
				ENABLE_STRICT_OBJC_MSGSEND = YES;
				GCC_C_LANGUAGE_STANDARD = gnu11;
				GCC_NO_COMMON_BLOCKS = YES;
				GCC_WARN_64_TO_32_BIT_CONVERSION = YES;
				GCC_WARN_ABOUT_RETURN_TYPE = YES_ERROR;
				GCC_WARN_UNDECLARED_SELECTOR = YES;
				GCC_WARN_UNINITIALIZED_AUTOS = YES_AGGRESSIVE;
				GCC_WARN_UNUSED_FUNCTION = YES;
				GCC_WARN_UNUSED_VARIABLE = YES;
				IPHONEOS_DEPLOYMENT_TARGET = 11.0;
				MTL_ENABLE_DEBUG_INFO = NO;
				SDKROOT = iphoneos;
				SWIFT_OPTIMIZATION_LEVEL = "-Owholemodule";
				VALIDATE_PRODUCT = YES;
			};
			name = Release;
		};
		FAA05F291FB5FFC400E9B72D /* Debug */ = {
			isa = XCBuildConfiguration;
			buildSettings = {
				ASSETCATALOG_COMPILER_APPICON_NAME = AppIcon;
				CODE_SIGN_STYLE = Automatic;
				DEVELOPMENT_TEAM = H6T775QPW5;
				INFOPLIST_FILE = DragDownModal/Info.plist;
				LD_RUNPATH_SEARCH_PATHS = "$(inherited) @executable_path/Frameworks";
				PRODUCT_BUNDLE_IDENTIFIER = com.sotahatakeyama.DragDownModal;
				PRODUCT_NAME = "$(TARGET_NAME)";
				SWIFT_VERSION = 4.0;
				TARGETED_DEVICE_FAMILY = "1,2";
			};
			name = Debug;
		};
		FAA05F2A1FB5FFC400E9B72D /* Release */ = {
			isa = XCBuildConfiguration;
			buildSettings = {
				ASSETCATALOG_COMPILER_APPICON_NAME = AppIcon;
				CODE_SIGN_STYLE = Automatic;
				DEVELOPMENT_TEAM = H6T775QPW5;
				INFOPLIST_FILE = DragDownModal/Info.plist;
				LD_RUNPATH_SEARCH_PATHS = "$(inherited) @executable_path/Frameworks";
				PRODUCT_BUNDLE_IDENTIFIER = com.sotahatakeyama.DragDownModal;
				PRODUCT_NAME = "$(TARGET_NAME)";
				SWIFT_VERSION = 4.0;
				TARGETED_DEVICE_FAMILY = "1,2";
			};
			name = Release;
		};
/* End XCBuildConfiguration section */

/* Begin XCConfigurationList section */
		FAA05F111FB5FFC400E9B72D /* Build configuration list for PBXProject "DragDownModal" */ = {
			isa = XCConfigurationList;
			buildConfigurations = (
				FAA05F261FB5FFC400E9B72D /* Debug */,
				FAA05F271FB5FFC400E9B72D /* Release */,
			);
			defaultConfigurationIsVisible = 0;
			defaultConfigurationName = Release;
		};
		FAA05F281FB5FFC400E9B72D /* Build configuration list for PBXNativeTarget "DragDownModal" */ = {
			isa = XCConfigurationList;
			buildConfigurations = (
				FAA05F291FB5FFC400E9B72D /* Debug */,
				FAA05F2A1FB5FFC400E9B72D /* Release */,
			);
			defaultConfigurationIsVisible = 0;
			defaultConfigurationName = Release;
		};
/* End XCConfigurationList section */
	};
	rootObject = FAA05F0E1FB5FFC400E9B72D /* Project object */;
}
